{
    "name": "dotags",
    "lockfileVersion": 3,
    "requires": true,
    "packages": {
        "": {
            "name": "dotags",
            "dependencies": {
                "astal": "/nix/store/hd98qfcisszjr5prmb9dz0wd7fq74ffn-astal-gjs/share/astal/gjs"
            }
        },
        "../../../nix/store/hd98qfcisszjr5prmb9dz0wd7fq74ffn-astal-gjs/share/astal/gjs": {
            "name": "astal",
            "license": "LGPL-2.1"
        },
        "node_modules/astal": {
            "resolved": "../../../nix/store/hd98qfcisszjr5prmb9dz0wd7fq74ffn-astal-gjs/share/astal/gjs",
            "link": true
        }
    }
}
